# This file is automatically @generated by Cargo.
# It is not intended for manual editing.
version = 3

[[package]]
name = "afire"
version = "0.2.2"
source = "registry+https://github.com/rust-lang/crates.io-index"
checksum = "ae889ab70ab588b8cb863e96cbd15b7d9d94712da62a9d0e608f319dee0eb79a"

[[package]]
name = "scout_management"
version = "0.1.0"
dependencies = [
 "afire",
]
